// !$*UTF8*$!
{
	archiveVersion = 1;
	classes = {
	};
	objectVersion = 46;
	objects = {

/* Begin PBXBuildFile section */
		D168783F1F0C1455002034CA /* AppDelegate.swift in Sources */ = {isa = PBXBuildFile; fileRef = D168783E1F0C1455002034CA /* AppDelegate.swift */; };
		D16878411F0C1455002034CA /* ViewController.swift in Sources */ = {isa = PBXBuildFile; fileRef = D16878401F0C1455002034CA /* ViewController.swift */; };
		D16878441F0C1455002034CA /* Main.storyboard in Resources */ = {isa = PBXBuildFile; fileRef = D16878421F0C1455002034CA /* Main.storyboard */; };
		D16878461F0C1455002034CA /* Assets.xcassets in Resources */ = {isa = PBXBuildFile; fileRef = D16878451F0C1455002034CA /* Assets.xcassets */; };
		D16878491F0C1455002034CA /* LaunchScreen.storyboard in Resources */ = {isa = PBXBuildFile; fileRef = D16878471F0C1455002034CA /* LaunchScreen.storyboard */; };
/* End PBXBuildFile section */

/* Begin PBXFileReference section */
		D168783B1F0C1455002034CA /* location aware.app */ = {isa = PBXFileReference; explicitFileType = wrapper.application; includeInIndex = 0; path = "location aware.app"; sourceTree = BUILT_PRODUCTS_DIR; };
		D168783E1F0C1455002034CA /* AppDelegate.swift */ = {isa = PBXFileReference; lastKnownFileType = sourcecode.swift; path = AppDelegate.swift; sourceTree = "<group>"; };
		D16878401F0C1455002034CA /* ViewController.swift */ = {isa = PBXFileReference; lastKnownFileType = sourcecode.swift; path = ViewController.swift; sourceTree = "<group>"; };
		D16878431F0C1455002034CA /* Base */ = {isa = PBXFileReference; lastKnownFileType = file.storyboard; name = Base; path = Base.lproj/Main.storyboard; sourceTree = "<group>"; };
		D16878451F0C1455002034CA /* Assets.xcassets */ = {isa = PBXFileReference; lastKnownFileType = folder.assetcatalog; path = Assets.xcassets; sourceTree = "<group>"; };
		D16878481F0C1455002034CA /* Base */ = {isa = PBXFileReference; lastKnownFileType = file.storyboard; name = Base; path = Base.lproj/LaunchScreen.storyboard; sourceTree = "<group>"; };
		D168784A1F0C1455002034CA /* Info.plist */ = {isa = PBXFileReference; lastKnownFileType = text.plist.xml; path = Info.plist; sourceTree = "<group>"; };
/* End PBXFileReference section */

/* Begin PBXFrameworksBuildPhase section */
		D16878381F0C1455002034CA /* Frameworks */ = {
			isa = PBXFrameworksBuildPhase;
			buildActionMask = 2147483647;
			files = (
			);
			runOnlyForDeploymentPostprocessing = 0;
		};
/* End PBXFrameworksBuildPhase section */

/* Begin PBXGroup section */
		D16878321F0C1455002034CA = {
			isa = PBXGroup;
			children = (
				D168783D1F0C1455002034CA /* location aware */,
				D168783C1F0C1455002034CA /* Products */,
			);
			sourceTree = "<group>";
		};
		D168783C1F0C1455002034CA /* Products */ = {
			isa = PBXGroup;
			children = (
				D168783B1F0C1455002034CA /* location aware.app */,
			);
			name = Products;
			sourceTree = "<group>";
		};
		D168783D1F0C1455002034CA /* location aware */ = {
			isa = PBXGroup;
			children = (
				D168783E1F0C1455002034CA /* AppDelegate.swift */,
				D16878401F0C1455002034CA /* ViewController.swift */,
				D16878421F0C1455002034CA /* Main.storyboard */,
				D16878451F0C1455002034CA /* Assets.xcassets */,
				D16878471F0C1455002034CA /* LaunchScreen.storyboard */,
				D168784A1F0C1455002034CA /* Info.plist */,
			);
			path = "location aware";
			sourceTree = "<group>";
		};
/* End PBXGroup section */

/* Begin PBXNativeTarget section */
		D168783A1F0C1455002034CA /* location aware */ = {
			isa = PBXNativeTarget;
			buildConfigurationList = D168784D1F0C1455002034CA /* Build configuration list for PBXNativeTarget "location aware" */;
			buildPhases = (
				D16878371F0C1455002034CA /* Sources */,
				D16878381F0C1455002034CA /* Frameworks */,
				D16878391F0C1455002034CA /* Resources */,
			);
			buildRules = (
			);
			dependencies = (
			);
			name = "location aware";
			productName = "location aware";
			productReference = D168783B1F0C1455002034CA /* location aware.app */;
			productType = "com.apple.product-type.application";
		};
/* End PBXNativeTarget section */

/* Begin PBXProject section */
		D16878331F0C1455002034CA /* Project object */ = {
			isa = PBXProject;
			attributes = {
				LastSwiftUpdateCheck = 0830;
				LastUpgradeCheck = 0830;
				ORGANIZATIONNAME = roga;
				TargetAttributes = {
					D168783A1F0C1455002034CA = {
						CreatedOnToolsVersion = 8.3.2;
						ProvisioningStyle = Automatic;
					};
				};
			};
			buildConfigurationList = D16878361F0C1455002034CA /* Build configuration list for PBXProject "location aware" */;
			compatibilityVersion = "Xcode 3.2";
			developmentRegion = English;
			hasScannedForEncodings = 0;
			knownRegions = (
				en,
				Base,
			);
			mainGroup = D16878321F0C1455002034CA;
			productRefGroup = D168783C1F0C1455002034CA /* Products */;
			projectDirPath = "";
			projectRoot = "";
			targets = (
				D168783A1F0C1455002034CA /* location aware */,
			);
		};
/* End PBXProject section */

/* Begin PBXResourcesBuildPhase section */
		D16878391F0C1455002034CA /* Resources */ = {
			isa = PBXResourcesBuildPhase;
			buildActionMask = 2147483647;
			files = (
				D16878491F0C1455002034CA /* LaunchScreen.storyboard in Resources */,
				D16878461F0C1455002034CA /* Assets.xcassets in Resources */,
				D16878441F0C1455002034CA /* Main.storyboard in Resources */,
			);
			runOnlyForDeploymentPostprocessing = 0;
		};
/* End PBXResourcesBuildPhase section */

/* Begin PBXSourcesBuildPhase section */
		D16878371F0C1455002034CA /* Sources */ = {
			isa = PBXSourcesBuildPhase;
			buildActionMask = 2147483647;
			files = (
				D16878411F0C1455002034CA /* ViewController.swift in Sources */,
				D168783F1F0C1455002034CA /* AppDelegate.swift in Sources */,
			);
			runOnlyForDeploymentPostprocessing = 0;
		};
/* End PBXSourcesBuildPhase section */

/* Begin PBXVariantGroup section */
		D16878421F0C1455002034CA /* Main.storyboard */ = {
			isa = PBXVariantGroup;
			children = (
				D16878431F0C1455002034CA /* Base */,
			);
			name = Main.storyboard;
			sourceTree = "<group>";
		};
		D16878471F0C1455002034CA /* LaunchScreen.storyboard */ = {
			isa = PBXVariantGroup;
			children = (
				D16878481F0C1455002034CA /* Base */,
			);
			name = LaunchScreen.storyboard;
			sourceTree = "<group>";
		};
/* End PBXVariantGroup section */

/* Begin XCBuildConfiguration section */
		D168784B1F0C1455002034CA /* Debug */ = {
			isa = XCBuildConfiguration;
			buildSettings = {
				ALWAYS_SEARCH_USER_PATHS = NO;
				CLANG_ANALYZER_NONNULL = YES;
				CLANG_ANALYZER_NUMBER_OBJECT_CONVERSION = YES_AGGRESSIVE;
				CLANG_CXX_LANGUAGE_STANDARD = "gnu++0x";
				CLANG_CXX_LIBRARY = "libc++";
				CLANG_ENABLE_MODULES = YES;
				CLANG_ENABLE_OBJC_ARC = YES;
				CLANG_WARN_BOOL_CONVERSION = YES;
				CLANG_WARN_CONSTANT_CONVERSION = YES;
				CLANG_WARN_DIRECT_OBJC_ISA_USAGE = YES_ERROR;
				CLANG_WARN_DOCUMENTATION_COMMENTS = YES;
				CLANG_WARN_EMPTY_BODY = YES;
				CLANG_WARN_ENUM_CONVERSION = YES;
				CLANG_WARN_INFINITE_RECURSION = YES;
				CLANG_WARN_INT_CONVERSION = YES;
				CLANG_WARN_OBJC_ROOT_CLASS = YES_ERROR;
				CLANG_WARN_SUSPICIOUS_MOVE = YES;
				CLANG_WARN_UNREACHABLE_CODE = YES;
				CLANG_WARN__DUPLICATE_METHOD_MATCH = YES;
				"CODE_SIGN_IDENTITY[sdk=iphoneos*]" = "iPhone Developer";
				COPY_PHASE_STRIP = NO;
				DEBUG_INFORMATION_FORMAT = dwarf;
				ENABLE_STRICT_OBJC_MSGSEND = YES;
				ENABLE_TESTABILITY = YES;
				GCC_C_LANGUAGE_STANDARD = gnu99;
				GCC_DYNAMIC_NO_PIC = NO;
				GCC_NO_COMMON_BLOCKS = YES;
				GCC_OPTIMIZATION_LEVEL = 0;
				GCC_PREPROCESSOR_DEFINITIONS = (
					"DEBUG=1",
					"$(inherited)",
				);
				GCC_WARN_64_TO_32_BIT_CONVERSION = YES;
				GCC_WARN_ABOUT_RETURN_TYPE = YES_ERROR;
				GCC_WARN_UNDECLARED_SELECTOR = YES;
				GCC_WARN_UNINITIALIZED_AUTOS = YES_AGGRESSIVE;
				GCC_WARN_UNUSED_FUNCTION = YES;
				GCC_WARN_UNUSED_VARIABLE = YES;
				IPHONEOS_DEPLOYMENT_TARGET = 10.3;
				MTL_ENABLE_DEBUG_INFO = YES;
				ONLY_ACTIVE_ARCH = YES;
				SDKROOT = iphoneos;
				SWIFT_ACTIVE_COMPILATION_CONDITIONS = DEBUG;
				SWIFT_OPTIMIZATION_LEVEL = "-Onone";
				TARGETED_DEVICE_FAMILY = "1,2";
			};
			name = Debug;
		};
		D168784C1F0C1455002034CA /* Release */ = {
			isa = XCBuildConfiguration;
			buildSettings = {
				ALWAYS_SEARCH_USER_PATHS = NO;
				CLANG_ANALYZER_NONNULL = YES;
				CLANG_ANALYZER_NUMBER_OBJECT_CONVERSION = YES_AGGRESSIVE;
				CLANG_CXX_LANGUAGE_STANDARD = "gnu++0x";
				CLANG_CXX_LIBRARY = "libc++";
				CLANG_ENABLE_MODULES = YES;
				CLANG_ENABLE_OBJC_ARC = YES;
				CLANG_WARN_BOOL_CONVERSION = YES;
				CLANG_WARN_CONSTANT_CONVERSION = YES;
				CLANG_WARN_DIRECT_OBJC_ISA_USAGE = YES_ERROR;
				CLANG_WARN_DOCUMENTATION_COMMENTS = YES;
				CLANG_WARN_EMPTY_BODY = YES;
				CLANG_WARN_ENUM_CONVERSION = YES;
				CLANG_WARN_INFINITE_RECURSION = YES;
				CLANG_WARN_INT_CONVERSION = YES;
				CLANG_WARN_OBJC_ROOT_CLASS = YES_ERROR;
				CLANG_WARN_SUSPICIOUS_MOVE = YES;
				CLANG_WARN_UNREACHABLE_CODE = YES;
				CLANG_WARN__DUPLICATE_METHOD_MATCH = YES;
				"CODE_SIGN_IDENTITY[sdk=iphoneos*]" = "iPhone Developer";
				COPY_PHASE_STRIP = NO;
				DEBUG_INFORMATION_FORMAT = "dwarf-with-dsym";
				ENABLE_NS_ASSERTIONS = NO;
				ENABLE_STRICT_OBJC_MSGSEND = YES;
				GCC_C_LANGUAGE_STANDARD = gnu99;
				GCC_NO_COMMON_BLOCKS = YES;
				GCC_WARN_64_TO_32_BIT_CONVERSION = YES;
				GCC_WARN_ABOUT_RETURN_TYPE = YES_ERROR;
				GCC_WARN_UNDECLARED_SELECTOR = YES;
				GCC_WARN_UNINITIALIZED_AUTOS = YES_AGGRESSIVE;
				GCC_WARN_UNUSED_FUNCTION = YES;
				GCC_WARN_UNUSED_VARIABLE = YES;
				IPHONEOS_DEPLOYMENT_TARGET = 10.3;
				MTL_ENABLE_DEBUG_INFO = NO;
				SDKROOT = iphoneos;
				SWIFT_OPTIMIZATION_LEVEL = "-Owholemodule";
				TARGETED_DEVICE_FAMILY = "1,2";
				VALIDATE_PRODUCT = YES;
			};
			name = Release;
		};
		D168784E1F0C1455002034CA /* Debug */ = {
			isa = XCBuildConfiguration;
			buildSettings = {
				ASSETCATALOG_COMPILER_APPICON_NAME = AppIcon;
				INFOPLIST_FILE = "location aware/Info.plist";
				LD_RUNPATH_SEARCH_PATHS = "$(inherited) @executable_path/Frameworks";
				PRODUCT_BUNDLE_IDENTIFIER = "com.roga.location-aware";
				PRODUCT_NAME = "$(TARGET_NAME)";
				SWIFT_VERSION = 3.0;
			};
			name = Debug;
		};
		D168784F1F0C1455002034CA /* Release */ = {
			isa = XCBuildConfiguration;
			buildSettings = {
				ASSETCATALOG_COMPILER_APPICON_NAME = AppIcon;
				INFOPLIST_FILE = "location aware/Info.plist";
				LD_RUNPATH_SEARCH_PATHS = "$(inherited) @executable_path/Frameworks";
				PRODUCT_BUNDLE_IDENTIFIER = "com.roga.location-aware";
				PRODUCT_NAME = "$(TARGET_NAME)";
				SWIFT_VERSION = 3.0;
			};
			name = Release;
		};
/* End XCBuildConfiguration section */

/* Begin XCConfigurationList section */
		D16878361F0C1455002034CA /* Build configuration list for PBXProject "location aware" */ = {
			isa = XCConfigurationList;
			buildConfigurations = (
				D168784B1F0C1455002034CA /* Debug */,
				D168784C1F0C1455002034CA /* Release */,
			);
			defaultConfigurationIsVisible = 0;
			defaultConfigurationName = Release;
		};
		D168784D1F0C1455002034CA /* Build configuration list for PBXNativeTarget "location aware" */ = {
			isa = XCConfigurationList;
			buildConfigurations = (
				D168784E1F0C1455002034CA /* Debug */,
				D168784F1F0C1455002034CA /* Release */,
			);
			defaultConfigurationIsVisible = 0;
		};
/* End XCConfigurationList section */
	};
	rootObject = D16878331F0C1455002034CA /* Project object */;
}
